{
  "lockfileVersion": 1,
  "configVersion": 1,
  "workspaces": {
    "": {
      "dependencies": {
        "JSCPP": "^2.0.9",
      },
    },
  },
  "packages": {
    "JSCPP": ["JSCPP@2.0.9", "", { "dependencies": { "lodash": "^4.17.20", "pegjs-util": "^1.4.21", "printf": "^0.6.0" } }, "sha512-ix62BbyR33JfuLS5JN3lrP5WrDFHJMe498TbyEN0vjRgK1pvOREs03YA0rMoj0U2h9EYLSoo9emZMW2rSlFVfQ=="],

    "lodash": ["lodash@4.18.1", "", {}, "sha512-dMInicTPVE8d1e5otfwmmjlxkZoUpiVLwyeTdUsi/Caj/gfzzblBcCE5sRHV/AsjuCmxWrte2TNGSYuCeCq+0Q=="],

    "pegjs": ["pegjs@0.10.0", "", { "bin": { "pegjs": "bin/pegjs" } }, "sha512-qI5+oFNEGi3L5HAxDwN2LA4Gg7irF70Zs25edhjld9QemOgp0CbvMtbFcMvFtEo1OityPrcCzkQFB8JP/hxgow=="],

    "pegjs-util": ["pegjs-util@1.4.21", "", { "dependencies": { "pegjs": ">=0.10.0" } }, "sha512-0z15BXCjxwgeD+pO5QImUgOFsJ86jFt6oDqatveLggeARSS5wmrt9SxCONkUvOeSsob2faVBC9H4wpl4zudg9A=="],

    "printf": ["printf@0.6.1", "", {}, "sha512-is0ctgGdPJ5951KulgfzvHGwJtZ5ck8l042vRkV6jrkpBzTmb/lueTqguWHy2JfVA+RY6gFVlaZgUS0j7S/dsw=="],
  }
}
